
Microsoft Visual Studio Solution File, Format Version 12.00
# Visual Studio Version 17
VisualStudioVersion = 17.0.31903.59
MinimumVisualStudioVersion = 10.0.40219.1
Project("{FAE04EC0-301F-11D3-BF4B-00C04F79EFBC}") = "Enfolderer.App", "Enfolderer.App\Enfolderer.App.csproj", "{B82B658A-CB07-4AAF-A8DA-6C3D60554B59}"
EndProject
Project("{2150E333-8FDC-42A3-9474-1A3956D46DE8}") = "src", "src", "{827E0CD3-B72D-47B6-A68D-7590B98EB39B}"
EndProject
Project("{FAE04EC0-301F-11D3-BF4B-00C04F79EFBC}") = "Enfolderer.Ai.Api", "src\Enfolderer.Ai.Api\Enfolderer.Ai.Api.csproj", "{960453CC-179D-4F86-9B8B-95ED957483EC}"
EndProject
Project("{FAE04EC0-301F-11D3-BF4B-00C04F79EFBC}") = "Enfolderer.Ai.Infrastructure", "src\Enfolderer.Ai.Infrastructure\Enfolderer.Ai.Infrastructure.csproj", "{A4F18288-5CE1-4C00-B3C5-2E05B48B89A1}"
EndProject
Project("{FAE04EC0-301F-11D3-BF4B-00C04F79EFBC}") = "Enfolderer.Ai.Contracts", "src\Enfolderer.Ai.Contracts\Enfolderer.Ai.Contracts.csproj", "{5B4DE2FA-AA36-4EF8-B6CF-26C94080D28D}"
EndProject
Project("{FAE04EC0-301F-11D3-BF4B-00C04F79EFBC}") = "Enfolderer.Ai.Imaging", "src\Enfolderer.Ai.Imaging\Enfolderer.Ai.Imaging.csproj", "{D615854C-4F39-4084-B308-61B08636F7F2}"
EndProject
Project("{FAE04EC0-301F-11D3-BF4B-00C04F79EFBC}") = "Enfolderer.Ai.Mcp.CardCatalog.Mtg", "src\Enfolderer.Ai.Mcp.CardCatalog.Mtg\Enfolderer.Ai.Mcp.CardCatalog.Mtg.csproj", "{6FC05C02-F7FE-4A8F-9829-4B4EC06858DF}"
EndProject
Project("{FAE04EC0-301F-11D3-BF4B-00C04F79EFBC}") = "Enfolderer.Ai.Mcp.Shared", "src\Enfolderer.Ai.Mcp.Shared\Enfolderer.Ai.Mcp.Shared.csproj", "{D3BF11F1-915B-4DF0-A586-517FD90C9387}"
EndProject
Project("{FAE04EC0-301F-11D3-BF4B-00C04F79EFBC}") = "Enfolderer.Ai.Mcp.CardCatalog.Pokemon", "src\Enfolderer.Ai.Mcp.CardCatalog.Pokemon\Enfolderer.Ai.Mcp.CardCatalog.Pokemon.csproj", "{3321E20C-8EA7-40AE-ACD3-60417327EB49}"
EndProject
Project("{FAE04EC0-301F-11D3-BF4B-00C04F79EFBC}") = "Enfolderer.Ai.Mcp.Imaging", "src\Enfolderer.Ai.Mcp.Imaging\Enfolderer.Ai.Mcp.Imaging.csproj", "{042F6DF7-56D1-46A9-B9AC-BD38732C202D}"
EndProject
Project("{FAE04EC0-301F-11D3-BF4B-00C04F79EFBC}") = "Enfolderer.Ai.Worker", "src\Enfolderer.Ai.Worker\Enfolderer.Ai.Worker.csproj", "{54B8D17F-445A-4953-BB3E-1681B34EA163}"
EndProject
Global
	GlobalSection(SolutionConfigurationPlatforms) = preSolution
		Debug|Any CPU = Debug|Any CPU
		Debug|x64 = Debug|x64
		Debug|x86 = Debug|x86
		Release|Any CPU = Release|Any CPU
		Release|x64 = Release|x64
		Release|x86 = Release|x86
	EndGlobalSection
	GlobalSection(ProjectConfigurationPlatforms) = postSolution
		{B82B658A-CB07-4AAF-A8DA-6C3D60554B59}.Debug|Any CPU.ActiveCfg = Debug|Any CPU
		{B82B658A-CB07-4AAF-A8DA-6C3D60554B59}.Debug|Any CPU.Build.0 = Debug|Any CPU
		{B82B658A-CB07-4AAF-A8DA-6C3D60554B59}.Debug|x64.ActiveCfg = Debug|Any CPU
		{B82B658A-CB07-4AAF-A8DA-6C3D60554B59}.Debug|x64.Build.0 = Debug|Any CPU
		{B82B658A-CB07-4AAF-A8DA-6C3D60554B59}.Debug|x86.ActiveCfg = Debug|Any CPU
		{B82B658A-CB07-4AAF-A8DA-6C3D60554B59}.Debug|x86.Build.0 = Debug|Any CPU
		{B82B658A-CB07-4AAF-A8DA-6C3D60554B59}.Release|Any CPU.ActiveCfg = Release|Any CPU
		{B82B658A-CB07-4AAF-A8DA-6C3D60554B59}.Release|Any CPU.Build.0 = Release|Any CPU
		{B82B658A-CB07-4AAF-A8DA-6C3D60554B59}.Release|x64.ActiveCfg = Release|Any CPU
		{B82B658A-CB07-4AAF-A8DA-6C3D60554B59}.Release|x64.Build.0 = Release|Any CPU
		{B82B658A-CB07-4AAF-A8DA-6C3D60554B59}.Release|x86.ActiveCfg = Release|Any CPU
		{B82B658A-CB07-4AAF-A8DA-6C3D60554B59}.Release|x86.Build.0 = Release|Any CPU
		{960453CC-179D-4F86-9B8B-95ED957483EC}.Debug|Any CPU.ActiveCfg = Debug|Any CPU
		{960453CC-179D-4F86-9B8B-95ED957483EC}.Debug|Any CPU.Build.0 = Debug|Any CPU
		{960453CC-179D-4F86-9B8B-95ED957483EC}.Debug|x64.ActiveCfg = Debug|Any CPU
		{960453CC-179D-4F86-9B8B-95ED957483EC}.Debug|x64.Build.0 = Debug|Any CPU
		{960453CC-179D-4F86-9B8B-95ED957483EC}.Debug|x86.ActiveCfg = Debug|Any CPU
		{960453CC-179D-4F86-9B8B-95ED957483EC}.Debug|x86.Build.0 = Debug|Any CPU
		{960453CC-179D-4F86-9B8B-95ED957483EC}.Release|Any CPU.ActiveCfg = Release|Any CPU
		{960453CC-179D-4F86-9B8B-95ED957483EC}.Release|Any CPU.Build.0 = Release|Any CPU
		{960453CC-179D-4F86-9B8B-95ED957483EC}.Release|x64.ActiveCfg = Release|Any CPU
		{960453CC-179D-4F86-9B8B-95ED957483EC}.Release|x64.Build.0 = Release|Any CPU
		{960453CC-179D-4F86-9B8B-95ED957483EC}.Release|x86.ActiveCfg = Release|Any CPU
		{960453CC-179D-4F86-9B8B-95ED957483EC}.Release|x86.Build.0 = Release|Any CPU
		{A4F18288-5CE1-4C00-B3C5-2E05B48B89A1}.Debug|Any CPU.ActiveCfg = Debug|Any CPU
		{A4F18288-5CE1-4C00-B3C5-2E05B48B89A1}.Debug|Any CPU.Build.0 = Debug|Any CPU
		{A4F18288-5CE1-4C00-B3C5-2E05B48B89A1}.Debug|x64.ActiveCfg = Debug|Any CPU
		{A4F18288-5CE1-4C00-B3C5-2E05B48B89A1}.Debug|x64.Build.0 = Debug|Any CPU
		{A4F18288-5CE1-4C00-B3C5-2E05B48B89A1}.Debug|x86.ActiveCfg = Debug|Any CPU
		{A4F18288-5CE1-4C00-B3C5-2E05B48B89A1}.Debug|x86.Build.0 = Debug|Any CPU
		{A4F18288-5CE1-4C00-B3C5-2E05B48B89A1}.Release|Any CPU.ActiveCfg = Release|Any CPU
		{A4F18288-5CE1-4C00-B3C5-2E05B48B89A1}.Release|Any CPU.Build.0 = Release|Any CPU
		{A4F18288-5CE1-4C00-B3C5-2E05B48B89A1}.Release|x64.ActiveCfg = Release|Any CPU
		{A4F18288-5CE1-4C00-B3C5-2E05B48B89A1}.Release|x64.Build.0 = Release|Any CPU
		{A4F18288-5CE1-4C00-B3C5-2E05B48B89A1}.Release|x86.ActiveCfg = Release|Any CPU
		{A4F18288-5CE1-4C00-B3C5-2E05B48B89A1}.Release|x86.Build.0 = Release|Any CPU
		{5B4DE2FA-AA36-4EF8-B6CF-26C94080D28D}.Debug|Any CPU.ActiveCfg = Debug|Any CPU
		{5B4DE2FA-AA36-4EF8-B6CF-26C94080D28D}.Debug|Any CPU.Build.0 = Debug|Any CPU
		{5B4DE2FA-AA36-4EF8-B6CF-26C94080D28D}.Debug|x64.ActiveCfg = Debug|Any CPU
		{5B4DE2FA-AA36-4EF8-B6CF-26C94080D28D}.Debug|x64.Build.0 = Debug|Any CPU
		{5B4DE2FA-AA36-4EF8-B6CF-26C94080D28D}.Debug|x86.ActiveCfg = Debug|Any CPU
		{5B4DE2FA-AA36-4EF8-B6CF-26C94080D28D}.Debug|x86.Build.0 = Debug|Any CPU
		{5B4DE2FA-AA36-4EF8-B6CF-26C94080D28D}.Release|Any CPU.ActiveCfg = Release|Any CPU
		{5B4DE2FA-AA36-4EF8-B6CF-26C94080D28D}.Release|Any CPU.Build.0 = Release|Any CPU
		{5B4DE2FA-AA36-4EF8-B6CF-26C94080D28D}.Release|x64.ActiveCfg = Release|Any CPU
		{5B4DE2FA-AA36-4EF8-B6CF-26C94080D28D}.Release|x64.Build.0 = Release|Any CPU
		{5B4DE2FA-AA36-4EF8-B6CF-26C94080D28D}.Release|x86.ActiveCfg = Release|Any CPU
		{5B4DE2FA-AA36-4EF8-B6CF-26C94080D28D}.Release|x86.Build.0 = Release|Any CPU
		{D615854C-4F39-4084-B308-61B08636F7F2}.Debug|Any CPU.ActiveCfg = Debug|Any CPU
		{D615854C-4F39-4084-B308-61B08636F7F2}.Debug|Any CPU.Build.0 = Debug|Any CPU
		{D615854C-4F39-4084-B308-61B08636F7F2}.Debug|x64.ActiveCfg = Debug|Any CPU
		{D615854C-4F39-4084-B308-61B08636F7F2}.Debug|x64.Build.0 = Debug|Any CPU
		{D615854C-4F39-4084-B308-61B08636F7F2}.Debug|x86.ActiveCfg = Debug|Any CPU
		{D615854C-4F39-4084-B308-61B08636F7F2}.Debug|x86.Build.0 = Debug|Any CPU
		{D615854C-4F39-4084-B308-61B08636F7F2}.Release|Any CPU.ActiveCfg = Release|Any CPU
		{D615854C-4F39-4084-B308-61B08636F7F2}.Release|Any CPU.Build.0 = Release|Any CPU
		{D615854C-4F39-4084-B308-61B08636F7F2}.Release|x64.ActiveCfg = Release|Any CPU
		{D615854C-4F39-4084-B308-61B08636F7F2}.Release|x64.Build.0 = Release|Any CPU
		{D615854C-4F39-4084-B308-61B08636F7F2}.Release|x86.ActiveCfg = Release|Any CPU
		{D615854C-4F39-4084-B308-61B08636F7F2}.Release|x86.Build.0 = Release|Any CPU
		{6FC05C02-F7FE-4A8F-9829-4B4EC06858DF}.Debug|Any CPU.ActiveCfg = Debug|Any CPU
		{6FC05C02-F7FE-4A8F-9829-4B4EC06858DF}.Debug|Any CPU.Build.0 = Debug|Any CPU
		{6FC05C02-F7FE-4A8F-9829-4B4EC06858DF}.Debug|x64.ActiveCfg = Debug|Any CPU
		{6FC05C02-F7FE-4A8F-9829-4B4EC06858DF}.Debug|x64.Build.0 = Debug|Any CPU
		{6FC05C02-F7FE-4A8F-9829-4B4EC06858DF}.Debug|x86.ActiveCfg = Debug|Any CPU
		{6FC05C02-F7FE-4A8F-9829-4B4EC06858DF}.Debug|x86.Build.0 = Debug|Any CPU
		{6FC05C02-F7FE-4A8F-9829-4B4EC06858DF}.Release|Any CPU.ActiveCfg = Release|Any CPU
		{6FC05C02-F7FE-4A8F-9829-4B4EC06858DF}.Release|Any CPU.Build.0 = Release|Any CPU
		{6FC05C02-F7FE-4A8F-9829-4B4EC06858DF}.Release|x64.ActiveCfg = Release|Any CPU
		{6FC05C02-F7FE-4A8F-9829-4B4EC06858DF}.Release|x64.Build.0 = Release|Any CPU
		{6FC05C02-F7FE-4A8F-9829-4B4EC06858DF}.Release|x86.ActiveCfg = Release|Any CPU
		{6FC05C02-F7FE-4A8F-9829-4B4EC06858DF}.Release|x86.Build.0 = Release|Any CPU
		{D3BF11F1-915B-4DF0-A586-517FD90C9387}.Debug|Any CPU.ActiveCfg = Debug|Any CPU
		{D3BF11F1-915B-4DF0-A586-517FD90C9387}.Debug|Any CPU.Build.0 = Debug|Any CPU
		{D3BF11F1-915B-4DF0-A586-517FD90C9387}.Debug|x64.ActiveCfg = Debug|Any CPU
		{D3BF11F1-915B-4DF0-A586-517FD90C9387}.Debug|x64.Build.0 = Debug|Any CPU
		{D3BF11F1-915B-4DF0-A586-517FD90C9387}.Debug|x86.ActiveCfg = Debug|Any CPU
		{D3BF11F1-915B-4DF0-A586-517FD90C9387}.Debug|x86.Build.0 = Debug|Any CPU
		{D3BF11F1-915B-4DF0-A586-517FD90C9387}.Release|Any CPU.ActiveCfg = Release|Any CPU
		{D3BF11F1-915B-4DF0-A586-517FD90C9387}.Release|Any CPU.Build.0 = Release|Any CPU
		{D3BF11F1-915B-4DF0-A586-517FD90C9387}.Release|x64.ActiveCfg = Release|Any CPU
		{D3BF11F1-915B-4DF0-A586-517FD90C9387}.Release|x64.Build.0 = Release|Any CPU
		{D3BF11F1-915B-4DF0-A586-517FD90C9387}.Release|x86.ActiveCfg = Release|Any CPU
		{D3BF11F1-915B-4DF0-A586-517FD90C9387}.Release|x86.Build.0 = Release|Any CPU
		{3321E20C-8EA7-40AE-ACD3-60417327EB49}.Debug|Any CPU.ActiveCfg = Debug|Any CPU
		{3321E20C-8EA7-40AE-ACD3-60417327EB49}.Debug|Any CPU.Build.0 = Debug|Any CPU
		{3321E20C-8EA7-40AE-ACD3-60417327EB49}.Debug|x64.ActiveCfg = Debug|Any CPU
		{3321E20C-8EA7-40AE-ACD3-60417327EB49}.Debug|x64.Build.0 = Debug|Any CPU
		{3321E20C-8EA7-40AE-ACD3-60417327EB49}.Debug|x86.ActiveCfg = Debug|Any CPU
		{3321E20C-8EA7-40AE-ACD3-60417327EB49}.Debug|x86.Build.0 = Debug|Any CPU
		{3321E20C-8EA7-40AE-ACD3-60417327EB49}.Release|Any CPU.ActiveCfg = Release|Any CPU
		{3321E20C-8EA7-40AE-ACD3-60417327EB49}.Release|Any CPU.Build.0 = Release|Any CPU
		{3321E20C-8EA7-40AE-ACD3-60417327EB49}.Release|x64.ActiveCfg = Release|Any CPU
		{3321E20C-8EA7-40AE-ACD3-60417327EB49}.Release|x64.Build.0 = Release|Any CPU
		{3321E20C-8EA7-40AE-ACD3-60417327EB49}.Release|x86.ActiveCfg = Release|Any CPU
		{3321E20C-8EA7-40AE-ACD3-60417327EB49}.Release|x86.Build.0 = Release|Any CPU
		{042F6DF7-56D1-46A9-B9AC-BD38732C202D}.Debug|Any CPU.ActiveCfg = Debug|Any CPU
		{042F6DF7-56D1-46A9-B9AC-BD38732C202D}.Debug|Any CPU.Build.0 = Debug|Any CPU
		{042F6DF7-56D1-46A9-B9AC-BD38732C202D}.Debug|x64.ActiveCfg = Debug|Any CPU
		{042F6DF7-56D1-46A9-B9AC-BD38732C202D}.Debug|x64.Build.0 = Debug|Any CPU
		{042F6DF7-56D1-46A9-B9AC-BD38732C202D}.Debug|x86.ActiveCfg = Debug|Any CPU
		{042F6DF7-56D1-46A9-B9AC-BD38732C202D}.Debug|x86.Build.0 = Debug|Any CPU
		{042F6DF7-56D1-46A9-B9AC-BD38732C202D}.Release|Any CPU.ActiveCfg = Release|Any CPU
		{042F6DF7-56D1-46A9-B9AC-BD38732C202D}.Release|Any CPU.Build.0 = Release|Any CPU
		{042F6DF7-56D1-46A9-B9AC-BD38732C202D}.Release|x64.ActiveCfg = Release|Any CPU
		{042F6DF7-56D1-46A9-B9AC-BD38732C202D}.Release|x64.Build.0 = Release|Any CPU
		{042F6DF7-56D1-46A9-B9AC-BD38732C202D}.Release|x86.ActiveCfg = Release|Any CPU
		{042F6DF7-56D1-46A9-B9AC-BD38732C202D}.Release|x86.Build.0 = Release|Any CPU
		{54B8D17F-445A-4953-BB3E-1681B34EA163}.Debug|Any CPU.ActiveCfg = Debug|Any CPU
		{54B8D17F-445A-4953-BB3E-1681B34EA163}.Debug|Any CPU.Build.0 = Debug|Any CPU
		{54B8D17F-445A-4953-BB3E-1681B34EA163}.Debug|x64.ActiveCfg = Debug|Any CPU
		{54B8D17F-445A-4953-BB3E-1681B34EA163}.Debug|x64.Build.0 = Debug|Any CPU
		{54B8D17F-445A-4953-BB3E-1681B34EA163}.Debug|x86.ActiveCfg = Debug|Any CPU
		{54B8D17F-445A-4953-BB3E-1681B34EA163}.Debug|x86.Build.0 = Debug|Any CPU
		{54B8D17F-445A-4953-BB3E-1681B34EA163}.Release|Any CPU.ActiveCfg = Release|Any CPU
		{54B8D17F-445A-4953-BB3E-1681B34EA163}.Release|Any CPU.Build.0 = Release|Any CPU
		{54B8D17F-445A-4953-BB3E-1681B34EA163}.Release|x64.ActiveCfg = Release|Any CPU
		{54B8D17F-445A-4953-BB3E-1681B34EA163}.Release|x64.Build.0 = Release|Any CPU
		{54B8D17F-445A-4953-BB3E-1681B34EA163}.Release|x86.ActiveCfg = Release|Any CPU
		{54B8D17F-445A-4953-BB3E-1681B34EA163}.Release|x86.Build.0 = Release|Any CPU
	EndGlobalSection
	GlobalSection(SolutionProperties) = preSolution
		HideSolutionNode = FALSE
	EndGlobalSection
	GlobalSection(NestedProjects) = preSolution
		{960453CC-179D-4F86-9B8B-95ED957483EC} = {827E0CD3-B72D-47B6-A68D-7590B98EB39B}
		{A4F18288-5CE1-4C00-B3C5-2E05B48B89A1} = {827E0CD3-B72D-47B6-A68D-7590B98EB39B}
		{5B4DE2FA-AA36-4EF8-B6CF-26C94080D28D} = {827E0CD3-B72D-47B6-A68D-7590B98EB39B}
		{D615854C-4F39-4084-B308-61B08636F7F2} = {827E0CD3-B72D-47B6-A68D-7590B98EB39B}
		{6FC05C02-F7FE-4A8F-9829-4B4EC06858DF} = {827E0CD3-B72D-47B6-A68D-7590B98EB39B}
		{D3BF11F1-915B-4DF0-A586-517FD90C9387} = {827E0CD3-B72D-47B6-A68D-7590B98EB39B}
		{3321E20C-8EA7-40AE-ACD3-60417327EB49} = {827E0CD3-B72D-47B6-A68D-7590B98EB39B}
		{042F6DF7-56D1-46A9-B9AC-BD38732C202D} = {827E0CD3-B72D-47B6-A68D-7590B98EB39B}
		{54B8D17F-445A-4953-BB3E-1681B34EA163} = {827E0CD3-B72D-47B6-A68D-7590B98EB39B}
	EndGlobalSection
EndGlobal
